
Microsoft Visual Studio Solution File, Format Version 12.00
# Visual Studio Version 17
VisualStudioVersion = 17.8.34330.188
MinimumVisualStudioVersion = 10.0.40219.1
Project("{FAE04EC0-301F-11D3-BF4B-00C04F79EFBC}") = "CsuChhs.Imaging", "CsuChhs.Imaging\CsuChhs.Imaging.csproj", "{3BE11BC6-DDA7-435B-9307-BB2957809B74}"
EndProject
Global
	GlobalSection(SolutionConfigurationPlatforms) = preSolution
		Debug|Any CPU = Debug|Any CPU
		Release|Any CPU = Release|Any CPU
	EndGlobalSection
	GlobalSection(ProjectConfigurationPlatforms) = postSolution
		{3BE11BC6-DDA7-435B-9307-BB2957809B74}.Debug|Any CPU.ActiveCfg = Debug|Any CPU
		{3BE11BC6-DDA7-435B-9307-BB2957809B74}.Debug|Any CPU.Build.0 = Debug|Any CPU
		{3BE11BC6-DDA7-435B-9307-BB2957809B74}.Release|Any CPU.ActiveCfg = Release|Any CPU
		{3BE11BC6-DDA7-435B-9307-BB2957809B74}.Release|Any CPU.Build.0 = Release|Any CPU
	EndGlobalSection
	GlobalSection(SolutionProperties) = preSolution
		HideSolutionNode = FALSE
	EndGlobalSection
	GlobalSection(ExtensibilityGlobals) = postSolution
		SolutionGuid = {EC158C0F-B68B-49FB-95D1-229F88135F38}
	EndGlobalSection
EndGlobal
